// !$*UTF8*$!
{
	archiveVersion = 1;
	classes = {
	};
	objectVersion = 46;
	objects = {

/* Begin PBXBuildFile section */
		14419D271E9B046500F219EB /* ic_back.png in Resources */ = {isa = PBXBuildFile; fileRef = 14419D261E9B046500F219EB /* ic_back.png */; };
		14419D291E9C24B500F219EB /* SplashScreenViewController.swift in Sources */ = {isa = PBXBuildFile; fileRef = 14419D281E9C24B500F219EB /* SplashScreenViewController.swift */; };
		14419D2B1E9C31FD00F219EB /* ic_logout.png in Resources */ = {isa = PBXBuildFile; fileRef = 14419D2A1E9C31FD00F219EB /* ic_logout.png */; };
		14917E471E943879007EA01F /* Quicksand-Light.otf in Resources */ = {isa = PBXBuildFile; fileRef = C9128F821E93232A002EC7C3 /* Quicksand-Light.otf */; };
		14917E541E957547007EA01F /* dotted-bar.png in Resources */ = {isa = PBXBuildFile; fileRef = 14917E4D1E957547007EA01F /* dotted-bar.png */; };
		14917E551E957547007EA01F /* ic_cam_red.png in Resources */ = {isa = PBXBuildFile; fileRef = 14917E4E1E957547007EA01F /* ic_cam_red.png */; };
		14917E561E957547007EA01F /* ic_cam.png in Resources */ = {isa = PBXBuildFile; fileRef = 14917E4F1E957547007EA01F /* ic_cam.png */; };
		14917E571E957547007EA01F /* ic_details.png in Resources */ = {isa = PBXBuildFile; fileRef = 14917E501E957547007EA01F /* ic_details.png */; };
		14917E581E957547007EA01F /* ic_gallery.png in Resources */ = {isa = PBXBuildFile; fileRef = 14917E511E957547007EA01F /* ic_gallery.png */; };
		14917E591E957547007EA01F /* ic_item.png in Resources */ = {isa = PBXBuildFile; fileRef = 14917E521E957547007EA01F /* ic_item.png */; };
		14917E5A1E957547007EA01F /* ic_rounded_rect.png in Resources */ = {isa = PBXBuildFile; fileRef = 14917E531E957547007EA01F /* ic_rounded_rect.png */; };
		1497D1071E9300630065C698 /* Main.storyboard in Resources */ = {isa = PBXBuildFile; fileRef = 1497D1061E9300630065C698 /* Main.storyboard */; };
		1497D10E1E93FD650065C698 /* Quicksand-Bold.otf in Resources */ = {isa = PBXBuildFile; fileRef = C9128F811E93232A002EC7C3 /* Quicksand-Bold.otf */; };
		14B0B67E1E9799F300CE5C30 /* ic_signin.png in Resources */ = {isa = PBXBuildFile; fileRef = 14B0B67D1E9799F300CE5C30 /* ic_signin.png */; };
		14B0B6801E979CFE00CE5C30 /* ic_password.png in Resources */ = {isa = PBXBuildFile; fileRef = 14B0B67F1E979CFE00CE5C30 /* ic_password.png */; };
		14B0B6821E979D3A00CE5C30 /* ic_item_header.png in Resources */ = {isa = PBXBuildFile; fileRef = 14B0B6811E979D3A00CE5C30 /* ic_item_header.png */; };
		14B0B6841E97DFD300CE5C30 /* ic_acc.png in Resources */ = {isa = PBXBuildFile; fileRef = 14B0B6831E97DFD300CE5C30 /* ic_acc.png */; };
		14B0B6861E97E06700CE5C30 /* 1491595053_icons_password.png in Resources */ = {isa = PBXBuildFile; fileRef = 14B0B6851E97E06700CE5C30 /* 1491595053_icons_password.png */; };
		4E490A7A4D00C565BDE91958 /* Pods_AFinder.framework in Frameworks */ = {isa = PBXBuildFile; fileRef = FD81B89D4D2FB4558D92F9AF /* Pods_AFinder.framework */; };
		C90F7BAB1E92D92E00B04D7F /* AddProduct.swift in Sources */ = {isa = PBXBuildFile; fileRef = C90F7BAA1E92D92E00B04D7F /* AddProduct.swift */; };
		C91E8B2A1E957D4B00F67286 /* AddProductViewController.swift in Sources */ = {isa = PBXBuildFile; fileRef = C91E8B291E957D4B00F67286 /* AddProductViewController.swift */; };
		C94C12CA1E96C7B4004194DB /* LogInViewController.swift in Sources */ = {isa = PBXBuildFile; fileRef = C94C12C91E96C7B4004194DB /* LogInViewController.swift */; };
		C94FDE021E84217C00252C21 /* ImageViewController.swift in Sources */ = {isa = PBXBuildFile; fileRef = C94FDE011E84217C00252C21 /* ImageViewController.swift */; };
		C95427BF1E92D2700076A578 /* Bolts.framework in Frameworks */ = {isa = PBXBuildFile; fileRef = C95427BD1E92D2700076A578 /* Bolts.framework */; };
		C95427C01E92D2700076A578 /* Parse.framework in Frameworks */ = {isa = PBXBuildFile; fileRef = C95427BE1E92D2700076A578 /* Parse.framework */; };
		C95427CC1E92D3B60076A578 /* AudioToolbox.framework in Frameworks */ = {isa = PBXBuildFile; fileRef = C95427C21E92D3B60076A578 /* AudioToolbox.framework */; };
		C95427CD1E92D3B60076A578 /* CFNetwork.framework in Frameworks */ = {isa = PBXBuildFile; fileRef = C95427C31E92D3B60076A578 /* CFNetwork.framework */; };
		C95427CE1E92D3B60076A578 /* CoreGraphics.framework in Frameworks */ = {isa = PBXBuildFile; fileRef = C95427C41E92D3B60076A578 /* CoreGraphics.framework */; };
		C95427CF1E92D3B60076A578 /* CoreLocation.framework in Frameworks */ = {isa = PBXBuildFile; fileRef = C95427C51E92D3B60076A578 /* CoreLocation.framework */; };
		C95427D01E92D3B60076A578 /* libsqlite3.tbd in Frameworks */ = {isa = PBXBuildFile; fileRef = C95427C61E92D3B60076A578 /* libsqlite3.tbd */; };
		C95427D11E92D3B60076A578 /* libz.tbd in Frameworks */ = {isa = PBXBuildFile; fileRef = C95427C71E92D3B60076A578 /* libz.tbd */; };
		C95427D21E92D3B60076A578 /* QuartzCore.framework in Frameworks */ = {isa = PBXBuildFile; fileRef = C95427C81E92D3B60076A578 /* QuartzCore.framework */; };
		C95427D31E92D3B60076A578 /* Security.framework in Frameworks */ = {isa = PBXBuildFile; fileRef = C95427C91E92D3B60076A578 /* Security.framework */; };
		C95427D41E92D3B60076A578 /* StoreKit.framework in Frameworks */ = {isa = PBXBuildFile; fileRef = C95427CA1E92D3B60076A578 /* StoreKit.framework */; };
		C95427D51E92D3B60076A578 /* SystemConfiguration.framework in Frameworks */ = {isa = PBXBuildFile; fileRef = C95427CB1E92D3B60076A578 /* SystemConfiguration.framework */; };
		C99637091E82B5D80023A9F7 /* HomeViewController.swift in Sources */ = {isa = PBXBuildFile; fileRef = C99637081E82B5D80023A9F7 /* HomeViewController.swift */; };
		C9A08DE81E9A797900ABFD4A /* SignUpViewController.swift in Sources */ = {isa = PBXBuildFile; fileRef = C9A08DE71E9A797900ABFD4A /* SignUpViewController.swift */; };
		C9EC814A1E81E1D30072672A /* AppDelegate.swift in Sources */ = {isa = PBXBuildFile; fileRef = C9EC81491E81E1D30072672A /* AppDelegate.swift */; };
		C9EC814C1E81E1D30072672A /* ViewController.swift in Sources */ = {isa = PBXBuildFile; fileRef = C9EC814B1E81E1D30072672A /* ViewController.swift */; };
		C9EC81511E81E1D30072672A /* Assets.xcassets in Resources */ = {isa = PBXBuildFile; fileRef = C9EC81501E81E1D30072672A /* Assets.xcassets */; };
		C9EC81541E81E1D30072672A /* LaunchScreen.storyboard in Resources */ = {isa = PBXBuildFile; fileRef = C9EC81521E81E1D30072672A /* LaunchScreen.storyboard */; };
/* End PBXBuildFile section */

/* Begin PBXFileReference section */
		14419D261E9B046500F219EB /* ic_back.png */ = {isa = PBXFileReference; lastKnownFileType = image.png; path = ic_back.png; sourceTree = "<group>"; };
		14419D281E9C24B500F219EB /* SplashScreenViewController.swift */ = {isa = PBXFileReference; fileEncoding = 4; lastKnownFileType = sourcecode.swift; path = SplashScreenViewController.swift; sourceTree = "<group>"; };
		14419D2A1E9C31FD00F219EB /* ic_logout.png */ = {isa = PBXFileReference; lastKnownFileType = image.png; path = ic_logout.png; sourceTree = "<group>"; };
		14917E4C1E9574B7007EA01F /* geometria-light.otf */ = {isa = PBXFileReference; lastKnownFileType = file; path = "geometria-light.otf"; sourceTree = "<group>"; };
		14917E4D1E957547007EA01F /* dotted-bar.png */ = {isa = PBXFileReference; lastKnownFileType = image.png; name = "dotted-bar.png"; path = "Assets.xcassets/Images/dotted-bar.png"; sourceTree = "<group>"; };
		14917E4E1E957547007EA01F /* ic_cam_red.png */ = {isa = PBXFileReference; lastKnownFileType = image.png; name = ic_cam_red.png; path = Assets.xcassets/Images/ic_cam_red.png; sourceTree = "<group>"; };
		14917E4F1E957547007EA01F /* ic_cam.png */ = {isa = PBXFileReference; lastKnownFileType = image.png; name = ic_cam.png; path = Assets.xcassets/Images/ic_cam.png; sourceTree = "<group>"; };
		14917E501E957547007EA01F /* ic_details.png */ = {isa = PBXFileReference; lastKnownFileType = image.png; name = ic_details.png; path = Assets.xcassets/Images/ic_details.png; sourceTree = "<group>"; };
		14917E511E957547007EA01F /* ic_gallery.png */ = {isa = PBXFileReference; lastKnownFileType = image.png; name = ic_gallery.png; path = Assets.xcassets/Images/ic_gallery.png; sourceTree = "<group>"; };
		14917E521E957547007EA01F /* ic_item.png */ = {isa = PBXFileReference; lastKnownFileType = image.png; name = ic_item.png; path = Assets.xcassets/Images/ic_item.png; sourceTree = "<group>"; };
		14917E531E957547007EA01F /* ic_rounded_rect.png */ = {isa = PBXFileReference; lastKnownFileType = image.png; name = ic_rounded_rect.png; path = Assets.xcassets/Images/ic_rounded_rect.png; sourceTree = "<group>"; };
		1497D1061E9300630065C698 /* Main.storyboard */ = {isa = PBXFileReference; fileEncoding = 4; lastKnownFileType = file.storyboard; path = Main.storyboard; sourceTree = "<group>"; };
		14B0B67D1E9799F300CE5C30 /* ic_signin.png */ = {isa = PBXFileReference; lastKnownFileType = image.png; path = ic_signin.png; sourceTree = "<group>"; };
		14B0B67F1E979CFE00CE5C30 /* ic_password.png */ = {isa = PBXFileReference; lastKnownFileType = image.png; path = ic_password.png; sourceTree = "<group>"; };
		14B0B6811E979D3A00CE5C30 /* ic_item_header.png */ = {isa = PBXFileReference; lastKnownFileType = image.png; path = ic_item_header.png; sourceTree = "<group>"; };
		14B0B6831E97DFD300CE5C30 /* ic_acc.png */ = {isa = PBXFileReference; lastKnownFileType = image.png; path = ic_acc.png; sourceTree = "<group>"; };
		14B0B6851E97E06700CE5C30 /* 1491595053_icons_password.png */ = {isa = PBXFileReference; lastKnownFileType = image.png; path = 1491595053_icons_password.png; sourceTree = "<group>"; };
		46A5CB69A761C20AFF221B5A /* Pods-AFinder.debug.xcconfig */ = {isa = PBXFileReference; includeInIndex = 1; lastKnownFileType = text.xcconfig; name = "Pods-AFinder.debug.xcconfig"; path = "Pods/Target Support Files/Pods-AFinder/Pods-AFinder.debug.xcconfig"; sourceTree = "<group>"; };
		48CDAF98D2A380CB4ED73B7D /* Pods-AFinder.release.xcconfig */ = {isa = PBXFileReference; includeInIndex = 1; lastKnownFileType = text.xcconfig; name = "Pods-AFinder.release.xcconfig"; path = "Pods/Target Support Files/Pods-AFinder/Pods-AFinder.release.xcconfig"; sourceTree = "<group>"; };
		C90F7BAA1E92D92E00B04D7F /* AddProduct.swift */ = {isa = PBXFileReference; fileEncoding = 4; lastKnownFileType = sourcecode.swift; path = AddProduct.swift; sourceTree = "<group>"; };
		C9128F811E93232A002EC7C3 /* Quicksand-Bold.otf */ = {isa = PBXFileReference; lastKnownFileType = file; path = "Quicksand-Bold.otf"; sourceTree = "<group>"; };
		C9128F821E93232A002EC7C3 /* Quicksand-Light.otf */ = {isa = PBXFileReference; lastKnownFileType = file; path = "Quicksand-Light.otf"; sourceTree = "<group>"; };
		C91E8B291E957D4B00F67286 /* AddProductViewController.swift */ = {isa = PBXFileReference; fileEncoding = 4; lastKnownFileType = sourcecode.swift; path = AddProductViewController.swift; sourceTree = "<group>"; };
		C94C12C91E96C7B4004194DB /* LogInViewController.swift */ = {isa = PBXFileReference; fileEncoding = 4; lastKnownFileType = sourcecode.swift; path = LogInViewController.swift; sourceTree = "<group>"; };
		C94FDE011E84217C00252C21 /* ImageViewController.swift */ = {isa = PBXFileReference; fileEncoding = 4; lastKnownFileType = sourcecode.swift; path = ImageViewController.swift; sourceTree = "<group>"; };
		C95427BD1E92D2700076A578 /* Bolts.framework */ = {isa = PBXFileReference; lastKnownFileType = wrapper.framework; path = Bolts.framework; sourceTree = "<group>"; };
		C95427BE1E92D2700076A578 /* Parse.framework */ = {isa = PBXFileReference; lastKnownFileType = wrapper.framework; path = Parse.framework; sourceTree = "<group>"; };
		C95427C21E92D3B60076A578 /* AudioToolbox.framework */ = {isa = PBXFileReference; lastKnownFileType = wrapper.framework; name = AudioToolbox.framework; path = System/Library/Frameworks/AudioToolbox.framework; sourceTree = SDKROOT; };
		C95427C31E92D3B60076A578 /* CFNetwork.framework */ = {isa = PBXFileReference; lastKnownFileType = wrapper.framework; name = CFNetwork.framework; path = System/Library/Frameworks/CFNetwork.framework; sourceTree = SDKROOT; };
		C95427C41E92D3B60076A578 /* CoreGraphics.framework */ = {isa = PBXFileReference; lastKnownFileType = wrapper.framework; name = CoreGraphics.framework; path = System/Library/Frameworks/CoreGraphics.framework; sourceTree = SDKROOT; };
		C95427C51E92D3B60076A578 /* CoreLocation.framework */ = {isa = PBXFileReference; lastKnownFileType = wrapper.framework; name = CoreLocation.framework; path = System/Library/Frameworks/CoreLocation.framework; sourceTree = SDKROOT; };
		C95427C61E92D3B60076A578 /* libsqlite3.tbd */ = {isa = PBXFileReference; lastKnownFileType = "sourcecode.text-based-dylib-definition"; name = libsqlite3.tbd; path = usr/lib/libsqlite3.tbd; sourceTree = SDKROOT; };
		C95427C71E92D3B60076A578 /* libz.tbd */ = {isa = PBXFileReference; lastKnownFileType = "sourcecode.text-based-dylib-definition"; name = libz.tbd; path = usr/lib/libz.tbd; sourceTree = SDKROOT; };
		C95427C81E92D3B60076A578 /* QuartzCore.framework */ = {isa = PBXFileReference; lastKnownFileType = wrapper.framework; name = QuartzCore.framework; path = System/Library/Frameworks/QuartzCore.framework; sourceTree = SDKROOT; };
		C95427C91E92D3B60076A578 /* Security.framework */ = {isa = PBXFileReference; lastKnownFileType = wrapper.framework; name = Security.framework; path = System/Library/Frameworks/Security.framework; sourceTree = SDKROOT; };
		C95427CA1E92D3B60076A578 /* StoreKit.framework */ = {isa = PBXFileReference; lastKnownFileType = wrapper.framework; name = StoreKit.framework; path = System/Library/Frameworks/StoreKit.framework; sourceTree = SDKROOT; };
		C95427CB1E92D3B60076A578 /* SystemConfiguration.framework */ = {isa = PBXFileReference; lastKnownFileType = wrapper.framework; name = SystemConfiguration.framework; path = System/Library/Frameworks/SystemConfiguration.framework; sourceTree = SDKROOT; };
		C99637081E82B5D80023A9F7 /* HomeViewController.swift */ = {isa = PBXFileReference; fileEncoding = 4; lastKnownFileType = sourcecode.swift; path = HomeViewController.swift; sourceTree = "<group>"; };
		C9A08DE71E9A797900ABFD4A /* SignUpViewController.swift */ = {isa = PBXFileReference; fileEncoding = 4; lastKnownFileType = sourcecode.swift; path = SignUpViewController.swift; sourceTree = "<group>"; };
		C9EC81461E81E1D30072672A /* AFinder.app */ = {isa = PBXFileReference; explicitFileType = wrapper.application; includeInIndex = 0; path = AFinder.app; sourceTree = BUILT_PRODUCTS_DIR; };
		C9EC81491E81E1D30072672A /* AppDelegate.swift */ = {isa = PBXFileReference; lastKnownFileType = sourcecode.swift; path = AppDelegate.swift; sourceTree = "<group>"; };
		C9EC814B1E81E1D30072672A /* ViewController.swift */ = {isa = PBXFileReference; lastKnownFileType = sourcecode.swift; path = ViewController.swift; sourceTree = "<group>"; };
		C9EC81501E81E1D30072672A /* Assets.xcassets */ = {isa = PBXFileReference; lastKnownFileType = folder.assetcatalog; path = Assets.xcassets; sourceTree = "<group>"; };
		C9EC81531E81E1D30072672A /* Base */ = {isa = PBXFileReference; lastKnownFileType = file.storyboard; name = Base; path = Base.lproj/LaunchScreen.storyboard; sourceTree = "<group>"; };
		C9EC81551E81E1D30072672A /* Info.plist */ = {isa = PBXFileReference; lastKnownFileType = text.plist.xml; path = Info.plist; sourceTree = "<group>"; };
		FD81B89D4D2FB4558D92F9AF /* Pods_AFinder.framework */ = {isa = PBXFileReference; explicitFileType = wrapper.framework; includeInIndex = 0; path = Pods_AFinder.framework; sourceTree = BUILT_PRODUCTS_DIR; };
/* End PBXFileReference section */

/* Begin PBXFrameworksBuildPhase section */
		C9EC81431E81E1D20072672A /* Frameworks */ = {
			isa = PBXFrameworksBuildPhase;
			buildActionMask = 2147483647;
			files = (
				C95427CC1E92D3B60076A578 /* AudioToolbox.framework in Frameworks */,
				C95427CD1E92D3B60076A578 /* CFNetwork.framework in Frameworks */,
				C95427CE1E92D3B60076A578 /* CoreGraphics.framework in Frameworks */,
				C95427CF1E92D3B60076A578 /* CoreLocation.framework in Frameworks */,
				C95427D01E92D3B60076A578 /* libsqlite3.tbd in Frameworks */,
				C95427D11E92D3B60076A578 /* libz.tbd in Frameworks */,
				C95427D21E92D3B60076A578 /* QuartzCore.framework in Frameworks */,
				C95427D31E92D3B60076A578 /* Security.framework in Frameworks */,
				C95427D41E92D3B60076A578 /* StoreKit.framework in Frameworks */,
				C95427D51E92D3B60076A578 /* SystemConfiguration.framework in Frameworks */,
				C95427C01E92D2700076A578 /* Parse.framework in Frameworks */,
				C95427BF1E92D2700076A578 /* Bolts.framework in Frameworks */,
				4E490A7A4D00C565BDE91958 /* Pods_AFinder.framework in Frameworks */,
			);
			runOnlyForDeploymentPostprocessing = 0;
		};
/* End PBXFrameworksBuildPhase section */

/* Begin PBXGroup section */
		14018D8C1E82A89B009FCE8E /* Images */ = {
			isa = PBXGroup;
			children = (
				14419D2A1E9C31FD00F219EB /* ic_logout.png */,
				14419D261E9B046500F219EB /* ic_back.png */,
				14B0B6851E97E06700CE5C30 /* 1491595053_icons_password.png */,
				14B0B6831E97DFD300CE5C30 /* ic_acc.png */,
				14B0B6811E979D3A00CE5C30 /* ic_item_header.png */,
				14B0B67F1E979CFE00CE5C30 /* ic_password.png */,
				14B0B67D1E9799F300CE5C30 /* ic_signin.png */,
				14917E4D1E957547007EA01F /* dotted-bar.png */,
				14917E4E1E957547007EA01F /* ic_cam_red.png */,
				14917E4F1E957547007EA01F /* ic_cam.png */,
				14917E501E957547007EA01F /* ic_details.png */,
				14917E511E957547007EA01F /* ic_gallery.png */,
				14917E521E957547007EA01F /* ic_item.png */,
				14917E531E957547007EA01F /* ic_rounded_rect.png */,
			);
			name = Images;
			sourceTree = "<group>";
		};
		C95427C11E92D2920076A578 /* Frameworks */ = {
			isa = PBXGroup;
			children = (
				C95427C21E92D3B60076A578 /* AudioToolbox.framework */,
				C95427C31E92D3B60076A578 /* CFNetwork.framework */,
				C95427C41E92D3B60076A578 /* CoreGraphics.framework */,
				C95427C51E92D3B60076A578 /* CoreLocation.framework */,
				C95427C61E92D3B60076A578 /* libsqlite3.tbd */,
				C95427C71E92D3B60076A578 /* libz.tbd */,
				C95427C81E92D3B60076A578 /* QuartzCore.framework */,
				C95427C91E92D3B60076A578 /* Security.framework */,
				C95427CA1E92D3B60076A578 /* StoreKit.framework */,
				C95427CB1E92D3B60076A578 /* SystemConfiguration.framework */,
				C95427BD1E92D2700076A578 /* Bolts.framework */,
				C95427BE1E92D2700076A578 /* Parse.framework */,
				FD81B89D4D2FB4558D92F9AF /* Pods_AFinder.framework */,
			);
			name = Frameworks;
			sourceTree = "<group>";
		};
		C9EC813D1E81E1D20072672A = {
			isa = PBXGroup;
			children = (
				C9EC81481E81E1D30072672A /* AFinder */,
				C9EC81471E81E1D30072672A /* Products */,
				C95427C11E92D2920076A578 /* Frameworks */,
				F5028CB8C36685AB0F3FD605 /* Pods */,
			);
			sourceTree = "<group>";
		};
		C9EC81471E81E1D30072672A /* Products */ = {
			isa = PBXGroup;
			children = (
				C9EC81461E81E1D30072672A /* AFinder.app */,
			);
			name = Products;
			sourceTree = "<group>";
		};
		C9EC81481E81E1D30072672A /* AFinder */ = {
			isa = PBXGroup;
			children = (
				C9128F811E93232A002EC7C3 /* Quicksand-Bold.otf */,
				14917E4C1E9574B7007EA01F /* geometria-light.otf */,
				C9128F821E93232A002EC7C3 /* Quicksand-Light.otf */,
				14018D8C1E82A89B009FCE8E /* Images */,
				C9EC81491E81E1D30072672A /* AppDelegate.swift */,
				C9A08DE71E9A797900ABFD4A /* SignUpViewController.swift */,
				C99637081E82B5D80023A9F7 /* HomeViewController.swift */,
				C94FDE011E84217C00252C21 /* ImageViewController.swift */,
				C91E8B291E957D4B00F67286 /* AddProductViewController.swift */,
				C90F7BAA1E92D92E00B04D7F /* AddProduct.swift */,
				1497D1061E9300630065C698 /* Main.storyboard */,
				C9EC814B1E81E1D30072672A /* ViewController.swift */,
				C94C12C91E96C7B4004194DB /* LogInViewController.swift */,
				C9EC81501E81E1D30072672A /* Assets.xcassets */,
				C9EC81521E81E1D30072672A /* LaunchScreen.storyboard */,
				C9EC81551E81E1D30072672A /* Info.plist */,
				14419D281E9C24B500F219EB /* SplashScreenViewController.swift */,
			);
			path = AFinder;
			sourceTree = "<group>";
		};
		F5028CB8C36685AB0F3FD605 /* Pods */ = {
			isa = PBXGroup;
			children = (
				46A5CB69A761C20AFF221B5A /* Pods-AFinder.debug.xcconfig */,
				48CDAF98D2A380CB4ED73B7D /* Pods-AFinder.release.xcconfig */,
			);
			name = Pods;
			sourceTree = "<group>";
		};
/* End PBXGroup section */

/* Begin PBXNativeTarget section */
		C9EC81451E81E1D20072672A /* AFinder */ = {
			isa = PBXNativeTarget;
			buildConfigurationList = C9EC81581E81E1D30072672A /* Build configuration list for PBXNativeTarget "AFinder" */;
			buildPhases = (
				11376431D73A008ED1338032 /* [CP] Check Pods Manifest.lock */,
				C9EC81421E81E1D20072672A /* Sources */,
				C9EC81431E81E1D20072672A /* Frameworks */,
				C9EC81441E81E1D20072672A /* Resources */,
				4F5A4CD3399A63ED497542E3 /* [CP] Embed Pods Frameworks */,
				D7D6876D9CCA87EE9C1A1F69 /* [CP] Copy Pods Resources */,
			);
			buildRules = (
			);
			dependencies = (
			);
			name = AFinder;
			productName = AFinder;
			productReference = C9EC81461E81E1D30072672A /* AFinder.app */;
			productType = "com.apple.product-type.application";
		};
/* End PBXNativeTarget section */

/* Begin PBXProject section */
		C9EC813E1E81E1D20072672A /* Project object */ = {
			isa = PBXProject;
			attributes = {
				LastSwiftUpdateCheck = 0810;
				LastUpgradeCheck = 0810;
				ORGANIZATIONNAME = "Berksu Kısmet";
				TargetAttributes = {
					C9EC81451E81E1D20072672A = {
						CreatedOnToolsVersion = 8.1;
						DevelopmentTeam = PT2V6T6JDZ;
						ProvisioningStyle = Automatic;
					};
				};
			};
			buildConfigurationList = C9EC81411E81E1D20072672A /* Build configuration list for PBXProject "AFinder" */;
			compatibilityVersion = "Xcode 3.2";
			developmentRegion = English;
			hasScannedForEncodings = 0;
			knownRegions = (
				en,
				Base,
			);
			mainGroup = C9EC813D1E81E1D20072672A;
			productRefGroup = C9EC81471E81E1D30072672A /* Products */;
			projectDirPath = "";
			projectRoot = "";
			targets = (
				C9EC81451E81E1D20072672A /* AFinder */,
			);
		};
/* End PBXProject section */

/* Begin PBXResourcesBuildPhase section */
		C9EC81441E81E1D20072672A /* Resources */ = {
			isa = PBXResourcesBuildPhase;
			buildActionMask = 2147483647;
			files = (
				14917E581E957547007EA01F /* ic_gallery.png in Resources */,
				14B0B67E1E9799F300CE5C30 /* ic_signin.png in Resources */,
				14917E571E957547007EA01F /* ic_details.png in Resources */,
				14419D2B1E9C31FD00F219EB /* ic_logout.png in Resources */,
				14B0B6801E979CFE00CE5C30 /* ic_password.png in Resources */,
				14917E591E957547007EA01F /* ic_item.png in Resources */,
				1497D1071E9300630065C698 /* Main.storyboard in Resources */,
				14B0B6821E979D3A00CE5C30 /* ic_item_header.png in Resources */,
				14917E561E957547007EA01F /* ic_cam.png in Resources */,
				C9EC81541E81E1D30072672A /* LaunchScreen.storyboard in Resources */,
				14917E551E957547007EA01F /* ic_cam_red.png in Resources */,
				14917E5A1E957547007EA01F /* ic_rounded_rect.png in Resources */,
				1497D10E1E93FD650065C698 /* Quicksand-Bold.otf in Resources */,
				14917E471E943879007EA01F /* Quicksand-Light.otf in Resources */,
				14B0B6841E97DFD300CE5C30 /* ic_acc.png in Resources */,
				C9EC81511E81E1D30072672A /* Assets.xcassets in Resources */,
				14419D271E9B046500F219EB /* ic_back.png in Resources */,
				14917E541E957547007EA01F /* dotted-bar.png in Resources */,
				14B0B6861E97E06700CE5C30 /* 1491595053_icons_password.png in Resources */,
			);
			runOnlyForDeploymentPostprocessing = 0;
		};
/* End PBXResourcesBuildPhase section */

/* Begin PBXShellScriptBuildPhase section */
		11376431D73A008ED1338032 /* [CP] Check Pods Manifest.lock */ = {
			isa = PBXShellScriptBuildPhase;
			buildActionMask = 2147483647;
			files = (
			);
			inputPaths = (
			);
			name = "[CP] Check Pods Manifest.lock";
			outputPaths = (
			);
			runOnlyForDeploymentPostprocessing = 0;
			shellPath = /bin/sh;
			shellScript = "diff \"${PODS_ROOT}/../Podfile.lock\" \"${PODS_ROOT}/Manifest.lock\" > /dev/null\nif [ $? != 0 ] ; then\n    # print error to STDERR\n    echo \"error: The sandbox is not in sync with the Podfile.lock. Run 'pod install' or update your CocoaPods installation.\" >&2\n    exit 1\nfi\n";
			showEnvVarsInLog = 0;
		};
		4F5A4CD3399A63ED497542E3 /* [CP] Embed Pods Frameworks */ = {
			isa = PBXShellScriptBuildPhase;
			buildActionMask = 2147483647;
			files = (
			);
			inputPaths = (
			);
			name = "[CP] Embed Pods Frameworks";
			outputPaths = (
			);
			runOnlyForDeploymentPostprocessing = 0;
			shellPath = /bin/sh;
			shellScript = "\"${SRCROOT}/Pods/Target Support Files/Pods-AFinder/Pods-AFinder-frameworks.sh\"\n";
			showEnvVarsInLog = 0;
		};
		D7D6876D9CCA87EE9C1A1F69 /* [CP] Copy Pods Resources */ = {
			isa = PBXShellScriptBuildPhase;
			buildActionMask = 2147483647;
			files = (
			);
			inputPaths = (
			);
			name = "[CP] Copy Pods Resources";
			outputPaths = (
			);
			runOnlyForDeploymentPostprocessing = 0;
			shellPath = /bin/sh;
			shellScript = "\"${SRCROOT}/Pods/Target Support Files/Pods-AFinder/Pods-AFinder-resources.sh\"\n";
			showEnvVarsInLog = 0;
		};
/* End PBXShellScriptBuildPhase section */

/* Begin PBXSourcesBuildPhase section */
		C9EC81421E81E1D20072672A /* Sources */ = {
			isa = PBXSourcesBuildPhase;
			buildActionMask = 2147483647;
			files = (
				C9EC814C1E81E1D30072672A /* ViewController.swift in Sources */,
				C9EC814A1E81E1D30072672A /* AppDelegate.swift in Sources */,
				14419D291E9C24B500F219EB /* SplashScreenViewController.swift in Sources */,
				C9A08DE81E9A797900ABFD4A /* SignUpViewController.swift in Sources */,
				C91E8B2A1E957D4B00F67286 /* AddProductViewController.swift in Sources */,
				C94C12CA1E96C7B4004194DB /* LogInViewController.swift in Sources */,
				C94FDE021E84217C00252C21 /* ImageViewController.swift in Sources */,
				C90F7BAB1E92D92E00B04D7F /* AddProduct.swift in Sources */,
				C99637091E82B5D80023A9F7 /* HomeViewController.swift in Sources */,
			);
			runOnlyForDeploymentPostprocessing = 0;
		};
/* End PBXSourcesBuildPhase section */

/* Begin PBXVariantGroup section */
		C9EC81521E81E1D30072672A /* LaunchScreen.storyboard */ = {
			isa = PBXVariantGroup;
			children = (
				C9EC81531E81E1D30072672A /* Base */,
			);
			name = LaunchScreen.storyboard;
			sourceTree = "<group>";
		};
/* End PBXVariantGroup section */

/* Begin XCBuildConfiguration section */
		C9EC81561E81E1D30072672A /* Debug */ = {
			isa = XCBuildConfiguration;
			buildSettings = {
				ALWAYS_SEARCH_USER_PATHS = NO;
				CLANG_ANALYZER_NONNULL = YES;
				CLANG_CXX_LANGUAGE_STANDARD = "gnu++0x";
				CLANG_CXX_LIBRARY = "libc++";
				CLANG_ENABLE_MODULES = YES;
				CLANG_ENABLE_OBJC_ARC = YES;
				CLANG_WARN_BOOL_CONVERSION = YES;
				CLANG_WARN_CONSTANT_CONVERSION = YES;
				CLANG_WARN_DIRECT_OBJC_ISA_USAGE = YES_ERROR;
				CLANG_WARN_DOCUMENTATION_COMMENTS = YES;
				CLANG_WARN_EMPTY_BODY = YES;
				CLANG_WARN_ENUM_CONVERSION = YES;
				CLANG_WARN_INFINITE_RECURSION = YES;
				CLANG_WARN_INT_CONVERSION = YES;
				CLANG_WARN_OBJC_ROOT_CLASS = YES_ERROR;
				CLANG_WARN_SUSPICIOUS_MOVES = YES;
				CLANG_WARN_UNREACHABLE_CODE = YES;
				CLANG_WARN__DUPLICATE_METHOD_MATCH = YES;
				"CODE_SIGN_IDENTITY[sdk=iphoneos*]" = "iPhone Developer";
				COPY_PHASE_STRIP = NO;
				DEBUG_INFORMATION_FORMAT = dwarf;
				ENABLE_STRICT_OBJC_MSGSEND = YES;
				ENABLE_TESTABILITY = YES;
				GCC_C_LANGUAGE_STANDARD = gnu99;
				GCC_DYNAMIC_NO_PIC = NO;
				GCC_NO_COMMON_BLOCKS = YES;
				GCC_OPTIMIZATION_LEVEL = 0;
				GCC_PREPROCESSOR_DEFINITIONS = (
					"DEBUG=1",
					"$(inherited)",
				);
				GCC_WARN_64_TO_32_BIT_CONVERSION = YES;
				GCC_WARN_ABOUT_RETURN_TYPE = YES_ERROR;
				GCC_WARN_UNDECLARED_SELECTOR = YES;
				GCC_WARN_UNINITIALIZED_AUTOS = YES_AGGRESSIVE;
				GCC_WARN_UNUSED_FUNCTION = YES;
				GCC_WARN_UNUSED_VARIABLE = YES;
				IPHONEOS_DEPLOYMENT_TARGET = 10.1;
				MTL_ENABLE_DEBUG_INFO = YES;
				ONLY_ACTIVE_ARCH = YES;
				SDKROOT = iphoneos;
				SWIFT_ACTIVE_COMPILATION_CONDITIONS = DEBUG;
				SWIFT_OPTIMIZATION_LEVEL = "-Onone";
				TARGETED_DEVICE_FAMILY = "1,2";
			};
			name = Debug;
		};
		C9EC81571E81E1D30072672A /* Release */ = {
			isa = XCBuildConfiguration;
			buildSettings = {
				ALWAYS_SEARCH_USER_PATHS = NO;
				CLANG_ANALYZER_NONNULL = YES;
				CLANG_CXX_LANGUAGE_STANDARD = "gnu++0x";
				CLANG_CXX_LIBRARY = "libc++";
				CLANG_ENABLE_MODULES = YES;
				CLANG_ENABLE_OBJC_ARC = YES;
				CLANG_WARN_BOOL_CONVERSION = YES;
				CLANG_WARN_CONSTANT_CONVERSION = YES;
				CLANG_WARN_DIRECT_OBJC_ISA_USAGE = YES_ERROR;
				CLANG_WARN_DOCUMENTATION_COMMENTS = YES;
				CLANG_WARN_EMPTY_BODY = YES;
				CLANG_WARN_ENUM_CONVERSION = YES;
				CLANG_WARN_INFINITE_RECURSION = YES;
				CLANG_WARN_INT_CONVERSION = YES;
				CLANG_WARN_OBJC_ROOT_CLASS = YES_ERROR;
				CLANG_WARN_SUSPICIOUS_MOVES = YES;
				CLANG_WARN_UNREACHABLE_CODE = YES;
				CLANG_WARN__DUPLICATE_METHOD_MATCH = YES;
				"CODE_SIGN_IDENTITY[sdk=iphoneos*]" = "iPhone Developer";
				COPY_PHASE_STRIP = NO;
				DEBUG_INFORMATION_FORMAT = "dwarf-with-dsym";
				ENABLE_NS_ASSERTIONS = NO;
				ENABLE_STRICT_OBJC_MSGSEND = YES;
				GCC_C_LANGUAGE_STANDARD = gnu99;
				GCC_NO_COMMON_BLOCKS = YES;
				GCC_WARN_64_TO_32_BIT_CONVERSION = YES;
				GCC_WARN_ABOUT_RETURN_TYPE = YES_ERROR;
				GCC_WARN_UNDECLARED_SELECTOR = YES;
				GCC_WARN_UNINITIALIZED_AUTOS = YES_AGGRESSIVE;
				GCC_WARN_UNUSED_FUNCTION = YES;
				GCC_WARN_UNUSED_VARIABLE = YES;
				IPHONEOS_DEPLOYMENT_TARGET = 10.1;
				MTL_ENABLE_DEBUG_INFO = NO;
				SDKROOT = iphoneos;
				SWIFT_OPTIMIZATION_LEVEL = "-Owholemodule";
				TARGETED_DEVICE_FAMILY = "1,2";
				VALIDATE_PRODUCT = YES;
			};
			name = Release;
		};
		C9EC81591E81E1D30072672A /* Debug */ = {
			isa = XCBuildConfiguration;
			baseConfigurationReference = 46A5CB69A761C20AFF221B5A /* Pods-AFinder.debug.xcconfig */;
			buildSettings = {
				ASSETCATALOG_COMPILER_APPICON_NAME = AppIcon;
				DEVELOPMENT_TEAM = PT2V6T6JDZ;
				FRAMEWORK_SEARCH_PATHS = (
					"$(inherited)",
					"$(PROJECT_DIR)",
				);
				INFOPLIST_FILE = AFinder/Info.plist;
				LD_RUNPATH_SEARCH_PATHS = "$(inherited) @executable_path/Frameworks";
				PRODUCT_BUNDLE_IDENTIFIER = com.redrose.kutan;
				PRODUCT_NAME = "$(TARGET_NAME)";
				SWIFT_VERSION = 3.0;
			};
			name = Debug;
		};
		C9EC815A1E81E1D30072672A /* Release */ = {
			isa = XCBuildConfiguration;
			baseConfigurationReference = 48CDAF98D2A380CB4ED73B7D /* Pods-AFinder.release.xcconfig */;
			buildSettings = {
				ASSETCATALOG_COMPILER_APPICON_NAME = AppIcon;
				DEVELOPMENT_TEAM = PT2V6T6JDZ;
				FRAMEWORK_SEARCH_PATHS = (
					"$(inherited)",
					"$(PROJECT_DIR)",
				);
				INFOPLIST_FILE = AFinder/Info.plist;
				LD_RUNPATH_SEARCH_PATHS = "$(inherited) @executable_path/Frameworks";
				PRODUCT_BUNDLE_IDENTIFIER = com.redrose.kutan;
				PRODUCT_NAME = "$(TARGET_NAME)";
				SWIFT_VERSION = 3.0;
			};
			name = Release;
		};
/* End XCBuildConfiguration section */

/* Begin XCConfigurationList section */
		C9EC81411E81E1D20072672A /* Build configuration list for PBXProject "AFinder" */ = {
			isa = XCConfigurationList;
			buildConfigurations = (
				C9EC81561E81E1D30072672A /* Debug */,
				C9EC81571E81E1D30072672A /* Release */,
			);
			defaultConfigurationIsVisible = 0;
			defaultConfigurationName = Release;
		};
		C9EC81581E81E1D30072672A /* Build configuration list for PBXNativeTarget "AFinder" */ = {
			isa = XCConfigurationList;
			buildConfigurations = (
				C9EC81591E81E1D30072672A /* Debug */,
				C9EC815A1E81E1D30072672A /* Release */,
			);
			defaultConfigurationIsVisible = 0;
			defaultConfigurationName = Release;
		};
/* End XCConfigurationList section */
	};
	rootObject = C9EC813E1E81E1D20072672A /* Project object */;
}
